dependencies:
  idf:
    component_hash: null
    source:
      type: idf
    version: 5.4.0
  lvgl/lvgl:
    component_hash: d7c1ac037ae6e85d94897f807d6e7ba0946a83e720074fc95a4f6241da9f9f53
    source:
      service_url: https://api.components.espressif.com/
      type: service
    version: 8.4.0
manifest_hash: f24784ba54a67d9cdfeae124d59c41be2e89f51a4c6943246bc6e563c7cf117a
target: esp32s3
version: 1.0.0
